{
  "requires": true,
  "lockfileVersion": 1,
  "dependencies": {
    "@lit-labs/react": {
      "version": "1.0.5",
      "resolved": "https://registry.npmjs.org/@lit-labs/react/-/react-1.0.5.tgz",
      "integrity": "sha512-GSbzzsIalrBOC11pC+KwQwvgvmVZpXfKo7k3BoGSqLf3jXD3GI2xIvIxTaMGp3OLDqG5F43jOMCPdsh0Nq97dg=="
    },
    "@lit-labs/task": {
      "version": "1.1.2",
      "resolved": "https://registry.npmjs.org/@lit-labs/task/-/task-1.1.2.tgz",
      "integrity": "sha512-wR6FpzaAwRMcMx/kfH0qmmOVv78gEzz4sXGYt2QBW4EkL6sAd0rC3VgwxnIAa4sWIk4z78k+gJxt6g8uPnaHKQ==",
      "requires": {
        "@lit/reactive-element": "^1.1.0"
      }
    },
    "@lit/reactive-element": {
      "version": "1.3.2",
      "resolved": "https://registry.npmjs.org/@lit/reactive-element/-/reactive-element-1.3.2.tgz",
      "integrity": "sha512-A2e18XzPMrIh35nhIdE4uoqRzoIpEU5vZYuQN4S3Ee1zkGdYC27DP12pewbw/RLgPHzaE4kx/YqxMzebOpm0dA=="
    }
  }
}
