{
    "name": "@ucd-lib/plugin-search-public",
    "version": "1.0.0",
    "lockfileVersion": 2,
    "requires": true,
    "packages": {
        "": {
            "name": "@ucd-lib/plugin-search-public",
            "version": "1.0.0",
            "license": "ISC",
            "dependencies": {
                "@ucd-lib/theme-elements": "^1.1.1",
                "@ucd-lib/theme-sass": "^5.0.16",
                "lit": "^2.2.4"
            }
        },
        "node_modules/@lit-labs/task": {
            "version": "1.1.2",
            "resolved": "https://registry.npmjs.org/@lit-labs/task/-/task-1.1.2.tgz",
            "integrity": "sha512-wR6FpzaAwRMcMx/kfH0qmmOVv78gEzz4sXGYt2QBW4EkL6sAd0rC3VgwxnIAa4sWIk4z78k+gJxt6g8uPnaHKQ==",
            "dependencies": {
                "@lit/reactive-element": "^1.1.0"
            }
        },
        "node_modules/@lit/reactive-element": {
            "version": "1.3.2",
            "resolved": "https://registry.npmjs.org/@lit/reactive-element/-/reactive-element-1.3.2.tgz",
            "integrity": "sha512-A2e18XzPMrIh35nhIdE4uoqRzoIpEU5vZYuQN4S3Ee1zkGdYC27DP12pewbw/RLgPHzaE4kx/YqxMzebOpm0dA=="
        },
        "node_modules/@types/trusted-types": {
            "version": "2.0.2",
            "resolved": "https://registry.npmjs.org/@types/trusted-types/-/trusted-types-2.0.2.tgz",
            "integrity": "sha512-F5DIZ36YVLE+PN+Zwws4kJogq47hNgX3Nx6WyDJ3kcplxyke3XIzB8uK5n/Lpm1HBsbGzd6nmGehL8cPekP+Tg=="
        },
        "node_modules/@ucd-lib/theme-elements": {
            "version": "1.1.1",
            "resolved": "https://registry.npmjs.org/@ucd-lib/theme-elements/-/theme-elements-1.1.1.tgz",
            "integrity": "sha512-YQTeDF9CFJ7SWN8XnJFmf8c/RmYMMO/LDN7GNvNBErvgmZFimSJ1mzKsFZM6BgEERT+iKxNGqyi6mAzsQGMmtQ==",
            "dependencies": {
                "@lit-labs/task": "^1.0.0",
                "@ucd-lib/theme-sass": "^5.0.15",
                "dompurify": "^2.3.9",
                "ip-cidr": "^3.0.4",
                "lit": "^2.0.2",
                "marked": "^4.0.18",
                "photoswipe": "^4.1.3",
                "slim-select": "^1.26.2"
            }
        },
        "node_modules/@ucd-lib/theme-sass": {
            "version": "5.0.16",
            "resolved": "https://registry.npmjs.org/@ucd-lib/theme-sass/-/theme-sass-5.0.16.tgz",
            "integrity": "sha512-Zu5lunrYIecNqmFP9IWlM8xuLpt0/3TzMHQpGlx515SGQn3WuFsuzzj9B+Q307W35mbfRVVtXnuUKM7wkNJjjw==",
            "dependencies": {
                "lit": "^2.0.0-rc.2"
            }
        },
        "node_modules/dompurify": {
            "version": "2.3.10",
            "resolved": "https://registry.npmjs.org/dompurify/-/dompurify-2.3.10.tgz",
            "integrity": "sha512-o7Fg/AgC7p/XpKjf/+RC3Ok6k4St5F7Q6q6+Nnm3p2zGWioAY6dh0CbbuwOhH2UcSzKsdniE/YnE2/92JcsA+g=="
        },
        "node_modules/ip-address": {
            "version": "7.1.0",
            "resolved": "https://registry.npmjs.org/ip-address/-/ip-address-7.1.0.tgz",
            "integrity": "sha512-V9pWC/VJf2lsXqP7IWJ+pe3P1/HCYGBMZrrnT62niLGjAfCbeiwXMUxaeHvnVlz19O27pvXP4azs+Pj/A0x+SQ==",
            "dependencies": {
                "jsbn": "1.1.0",
                "sprintf-js": "1.1.2"
            },
            "engines": {
                "node": ">= 10"
            }
        },
        "node_modules/ip-cidr": {
            "version": "3.0.7",
            "resolved": "https://registry.npmjs.org/ip-cidr/-/ip-cidr-3.0.7.tgz",
            "integrity": "sha512-0cBBICDnmmpAdULMbMVdi4f0mSG+VWY/QBPL/OIIjuom14x7Y63VhpS/uSAOycasXOeGXah5y0eu//PDU51aNw==",
            "dependencies": {
                "ip-address": "^7.1.0",
                "jsbn": "^1.1.0"
            },
            "engines": {
                "node": ">=10.0.0"
            }
        },
        "node_modules/jsbn": {
            "version": "1.1.0",
            "resolved": "https://registry.npmjs.org/jsbn/-/jsbn-1.1.0.tgz",
            "integrity": "sha1-sBMHyym2GKHtJux56RH4A8TaAEA="
        },
        "node_modules/lit": {
            "version": "2.2.4",
            "resolved": "https://registry.npmjs.org/lit/-/lit-2.2.4.tgz",
            "integrity": "sha512-O7t+uizo1/Br0y+5RaWRzPkd4MsoL4XY2eq7n2wrESyCCjeagq4ERZKsyKX40jbmsz4bAAs7/0qNRX11TuXzoA==",
            "dependencies": {
                "@lit/reactive-element": "^1.3.0",
                "lit-element": "^3.2.0",
                "lit-html": "^2.2.0"
            }
        },
        "node_modules/lit-element": {
            "version": "3.2.0",
            "resolved": "https://registry.npmjs.org/lit-element/-/lit-element-3.2.0.tgz",
            "integrity": "sha512-HbE7yt2SnUtg5DCrWt028oaU4D5F4k/1cntAFHTkzY8ZIa8N0Wmu92PxSxucsQSOXlODFrICkQ5x/tEshKi13g==",
            "dependencies": {
                "@lit/reactive-element": "^1.3.0",
                "lit-html": "^2.2.0"
            }
        },
        "node_modules/lit-html": {
            "version": "2.2.4",
            "resolved": "https://registry.npmjs.org/lit-html/-/lit-html-2.2.4.tgz",
            "integrity": "sha512-IPY0V0z/QWcTduxb6DlP46Un8n6tG+mHSAijGcPozfXTjVkvFLN4/irPzthtq/eC8RU+7CUqh6h4KB7tnRPJfg==",
            "dependencies": {
                "@types/trusted-types": "^2.0.2"
            }
        },
        "node_modules/marked": {
            "version": "4.0.18",
            "resolved": "https://registry.npmjs.org/marked/-/marked-4.0.18.tgz",
            "integrity": "sha512-wbLDJ7Zh0sqA0Vdg6aqlbT+yPxqLblpAZh1mK2+AO2twQkPywvvqQNfEPVwSSRjZ7dZcdeVBIAgiO7MMp3Dszw==",
            "bin": {
                "marked": "bin/marked.js"
            },
            "engines": {
                "node": ">= 12"
            }
        },
        "node_modules/photoswipe": {
            "version": "4.1.3",
            "resolved": "https://registry.npmjs.org/photoswipe/-/photoswipe-4.1.3.tgz",
            "integrity": "sha512-89Z43IRUyw7ycTolo+AaiDn3W1EEIfox54hERmm9bI12IB9cvRfHSHez3XhAyU8XW2EAFrC+2sKMhh7SJwn0bA==",
            "engines": {
                "node": ">= 0.8.0"
            }
        },
        "node_modules/slim-select": {
            "version": "1.27.1",
            "resolved": "https://registry.npmjs.org/slim-select/-/slim-select-1.27.1.tgz",
            "integrity": "sha512-LvJ02cKKk6/jSHIcQv7dZwkQSXHLCVQR3v3lo8RJUssUUcmKPkpBmTpQ8au8KSMkxwca9+yeg+dO0iHAaVr5Aw==",
            "engines": {
                "node": ">=8"
            }
        },
        "node_modules/sprintf-js": {
            "version": "1.1.2",
            "resolved": "https://registry.npmjs.org/sprintf-js/-/sprintf-js-1.1.2.tgz",
            "integrity": "sha512-VE0SOVEHCk7Qc8ulkWw3ntAzXuqf7S2lvwQaDLRnUeIEaKNQJzV6BwmLKhOqT61aGhfUMrXeaBk+oDGCzvhcug=="
        }
    },
    "dependencies": {
        "@lit-labs/task": {
            "version": "1.1.2",
            "resolved": "https://registry.npmjs.org/@lit-labs/task/-/task-1.1.2.tgz",
            "integrity": "sha512-wR6FpzaAwRMcMx/kfH0qmmOVv78gEzz4sXGYt2QBW4EkL6sAd0rC3VgwxnIAa4sWIk4z78k+gJxt6g8uPnaHKQ==",
            "requires": {
                "@lit/reactive-element": "^1.1.0"
            }
        },
        "@lit/reactive-element": {
            "version": "1.3.2",
            "resolved": "https://registry.npmjs.org/@lit/reactive-element/-/reactive-element-1.3.2.tgz",
            "integrity": "sha512-A2e18XzPMrIh35nhIdE4uoqRzoIpEU5vZYuQN4S3Ee1zkGdYC27DP12pewbw/RLgPHzaE4kx/YqxMzebOpm0dA=="
        },
        "@types/trusted-types": {
            "version": "2.0.2",
            "resolved": "https://registry.npmjs.org/@types/trusted-types/-/trusted-types-2.0.2.tgz",
            "integrity": "sha512-F5DIZ36YVLE+PN+Zwws4kJogq47hNgX3Nx6WyDJ3kcplxyke3XIzB8uK5n/Lpm1HBsbGzd6nmGehL8cPekP+Tg=="
        },
        "@ucd-lib/theme-elements": {
            "version": "1.1.1",
            "resolved": "https://registry.npmjs.org/@ucd-lib/theme-elements/-/theme-elements-1.1.1.tgz",
            "integrity": "sha512-YQTeDF9CFJ7SWN8XnJFmf8c/RmYMMO/LDN7GNvNBErvgmZFimSJ1mzKsFZM6BgEERT+iKxNGqyi6mAzsQGMmtQ==",
            "requires": {
                "@lit-labs/task": "^1.0.0",
                "@ucd-lib/theme-sass": "^5.0.15",
                "dompurify": "^2.3.9",
                "ip-cidr": "^3.0.4",
                "lit": "^2.0.2",
                "marked": "^4.0.18",
                "photoswipe": "^4.1.3",
                "slim-select": "^1.26.2"
            }
        },
        "@ucd-lib/theme-sass": {
            "version": "5.0.16",
            "resolved": "https://registry.npmjs.org/@ucd-lib/theme-sass/-/theme-sass-5.0.16.tgz",
            "integrity": "sha512-Zu5lunrYIecNqmFP9IWlM8xuLpt0/3TzMHQpGlx515SGQn3WuFsuzzj9B+Q307W35mbfRVVtXnuUKM7wkNJjjw==",
            "requires": {
                "lit": "^2.0.0-rc.2"
            }
        },
        "dompurify": {
            "version": "2.3.10",
            "resolved": "https://registry.npmjs.org/dompurify/-/dompurify-2.3.10.tgz",
            "integrity": "sha512-o7Fg/AgC7p/XpKjf/+RC3Ok6k4St5F7Q6q6+Nnm3p2zGWioAY6dh0CbbuwOhH2UcSzKsdniE/YnE2/92JcsA+g=="
        },
        "ip-address": {
            "version": "7.1.0",
            "resolved": "https://registry.npmjs.org/ip-address/-/ip-address-7.1.0.tgz",
            "integrity": "sha512-V9pWC/VJf2lsXqP7IWJ+pe3P1/HCYGBMZrrnT62niLGjAfCbeiwXMUxaeHvnVlz19O27pvXP4azs+Pj/A0x+SQ==",
            "requires": {
                "jsbn": "1.1.0",
                "sprintf-js": "1.1.2"
            }
        },
        "ip-cidr": {
            "version": "3.0.7",
            "resolved": "https://registry.npmjs.org/ip-cidr/-/ip-cidr-3.0.7.tgz",
            "integrity": "sha512-0cBBICDnmmpAdULMbMVdi4f0mSG+VWY/QBPL/OIIjuom14x7Y63VhpS/uSAOycasXOeGXah5y0eu//PDU51aNw==",
            "requires": {
                "ip-address": "^7.1.0",
                "jsbn": "^1.1.0"
            }
        },
        "jsbn": {
            "version": "1.1.0",
            "resolved": "https://registry.npmjs.org/jsbn/-/jsbn-1.1.0.tgz",
            "integrity": "sha1-sBMHyym2GKHtJux56RH4A8TaAEA="
        },
        "lit": {
            "version": "2.2.4",
            "resolved": "https://registry.npmjs.org/lit/-/lit-2.2.4.tgz",
            "integrity": "sha512-O7t+uizo1/Br0y+5RaWRzPkd4MsoL4XY2eq7n2wrESyCCjeagq4ERZKsyKX40jbmsz4bAAs7/0qNRX11TuXzoA==",
            "requires": {
                "@lit/reactive-element": "^1.3.0",
                "lit-element": "^3.2.0",
                "lit-html": "^2.2.0"
            }
        },
        "lit-element": {
            "version": "3.2.0",
            "resolved": "https://registry.npmjs.org/lit-element/-/lit-element-3.2.0.tgz",
            "integrity": "sha512-HbE7yt2SnUtg5DCrWt028oaU4D5F4k/1cntAFHTkzY8ZIa8N0Wmu92PxSxucsQSOXlODFrICkQ5x/tEshKi13g==",
            "requires": {
                "@lit/reactive-element": "^1.3.0",
                "lit-html": "^2.2.0"
            }
        },
        "lit-html": {
            "version": "2.2.4",
            "resolved": "https://registry.npmjs.org/lit-html/-/lit-html-2.2.4.tgz",
            "integrity": "sha512-IPY0V0z/QWcTduxb6DlP46Un8n6tG+mHSAijGcPozfXTjVkvFLN4/irPzthtq/eC8RU+7CUqh6h4KB7tnRPJfg==",
            "requires": {
                "@types/trusted-types": "^2.0.2"
            }
        },
        "marked": {
            "version": "4.0.18",
            "resolved": "https://registry.npmjs.org/marked/-/marked-4.0.18.tgz",
            "integrity": "sha512-wbLDJ7Zh0sqA0Vdg6aqlbT+yPxqLblpAZh1mK2+AO2twQkPywvvqQNfEPVwSSRjZ7dZcdeVBIAgiO7MMp3Dszw=="
        },
        "photoswipe": {
            "version": "4.1.3",
            "resolved": "https://registry.npmjs.org/photoswipe/-/photoswipe-4.1.3.tgz",
            "integrity": "sha512-89Z43IRUyw7ycTolo+AaiDn3W1EEIfox54hERmm9bI12IB9cvRfHSHez3XhAyU8XW2EAFrC+2sKMhh7SJwn0bA=="
        },
        "slim-select": {
            "version": "1.27.1",
            "resolved": "https://registry.npmjs.org/slim-select/-/slim-select-1.27.1.tgz",
            "integrity": "sha512-LvJ02cKKk6/jSHIcQv7dZwkQSXHLCVQR3v3lo8RJUssUUcmKPkpBmTpQ8au8KSMkxwca9+yeg+dO0iHAaVr5Aw=="
        },
        "sprintf-js": {
            "version": "1.1.2",
            "resolved": "https://registry.npmjs.org/sprintf-js/-/sprintf-js-1.1.2.tgz",
            "integrity": "sha512-VE0SOVEHCk7Qc8ulkWw3ntAzXuqf7S2lvwQaDLRnUeIEaKNQJzV6BwmLKhOqT61aGhfUMrXeaBk+oDGCzvhcug=="
        }
    }
}
