{
    "name": "@ucd-lib/plugin-migration-editor",
    "version": "1.0.0",
    "lockfileVersion": 2,
    "requires": true,
    "packages": {
        "": {
            "name": "@ucd-lib/plugin-migration-editor",
            "version": "1.0.0",
            "license": "ISC",
            "dependencies": {
                "@ucd-lib/brand-theme-editor": "file:../../../../ucdlib-theme-wp/src/editor"
            }
        },
        "../../../../ucdlib-theme-wp/src/editor": {
            "version": "1.0.0",
            "license": "ISC",
            "dependencies": {
                "@ucd-lib/theme-elements": "^0.0.15",
                "@ucd-lib/theme-sass": "^5.0.14",
                "@wordpress/api-fetch": "^5.2.1",
                "@wordpress/block-editor": "^7.0.2",
                "@wordpress/block-library": "^7.0.2",
                "@wordpress/blocks": "^11.0.0",
                "@wordpress/components": "^15.0.0",
                "@wordpress/compose": "^5.0.5",
                "@wordpress/data": "^6.0.0",
                "@wordpress/dom-ready": "^3.2.2",
                "@wordpress/edit-post": "^5.0.4",
                "@wordpress/element": "^4.0.0",
                "@wordpress/hooks": "^3.2.1",
                "@wordpress/html-entities": "^3.2.1",
                "@wordpress/icons": "^5.0.0",
                "@wordpress/notices": "^3.2.2",
                "@wordpress/plugins": "^4.0.4",
                "@wordpress/rich-text": "^5.0.2",
                "classnames": "^2.3.1",
                "htm": "^3.1.0",
                "lodash": "^4.17.21"
            },
            "devDependencies": {
                "@wordpress/scripts": "^17.1.0"
            }
        },
        "node_modules/@ucd-lib/brand-theme-editor": {
            "resolved": "../../../../ucdlib-theme-wp/src/editor",
            "link": true
        }
    },
    "dependencies": {
        "@ucd-lib/brand-theme-editor": {
            "version": "file:../../../../ucdlib-theme-wp/src/editor",
            "requires": {
                "@ucd-lib/theme-elements": "^0.0.15",
                "@ucd-lib/theme-sass": "^5.0.14",
                "@wordpress/api-fetch": "^5.2.1",
                "@wordpress/block-editor": "^7.0.2",
                "@wordpress/block-library": "^7.0.2",
                "@wordpress/blocks": "^11.0.0",
                "@wordpress/components": "^15.0.0",
                "@wordpress/compose": "^5.0.5",
                "@wordpress/data": "^6.0.0",
                "@wordpress/dom-ready": "^3.2.2",
                "@wordpress/edit-post": "^5.0.4",
                "@wordpress/element": "^4.0.0",
                "@wordpress/hooks": "^3.2.1",
                "@wordpress/html-entities": "^3.2.1",
                "@wordpress/icons": "^5.0.0",
                "@wordpress/notices": "^3.2.2",
                "@wordpress/plugins": "^4.0.4",
                "@wordpress/rich-text": "^5.0.2",
                "@wordpress/scripts": "^17.1.0",
                "classnames": "^2.3.1",
                "htm": "^3.1.0",
                "lodash": "^4.17.21"
            }
        }
    }
}
