{
    "name": "@ucd-lib/plugin-directory-editor",
    "version": "1.0.0",
    "lockfileVersion": 2,
    "requires": true,
    "packages": {
        "": {
            "name": "@ucd-lib/plugin-directory-editor",
            "version": "1.0.0",
            "license": "ISC",
            "dependencies": {
                "@ucd-lib/brand-theme-editor": "file:../../../../ucdlib-theme-wp/src/editor"
            }
        },
        "../../../../ucdlib-theme-wp/src/editor": {
            "name": "@ucd-lib/brand-theme-editor",
            "version": "1.0.0",
            "license": "ISC",
            "dependencies": {
                "@ucd-lib/theme-elements": "^0.0.15",
                "@ucd-lib/theme-sass": "^5.0.14",
                "@wordpress/icons": "^9.2.0",
                "classnames": "^2.3.1",
                "htm": "^3.1.0",
                "lodash": "^4.17.21",
                "slick-carousel": "^1.8.1"
            }
        },
        "node_modules/@ucd-lib/brand-theme-editor": {
            "resolved": "../../../../ucdlib-theme-wp/src/editor",
            "link": true
        }
    },
    "dependencies": {
        "@ucd-lib/brand-theme-editor": {
            "version": "file:../../../../ucdlib-theme-wp/src/editor",
            "requires": {
                "@ucd-lib/theme-elements": "^0.0.15",
                "@ucd-lib/theme-sass": "^5.0.14",
                "@wordpress/icons": "^9.2.0",
                "classnames": "^2.3.1",
                "htm": "^3.1.0",
                "lodash": "^4.17.21",
                "slick-carousel": "^1.8.1"
            }
        }
    }
}
