{
    "name": "@ucd-lib/plugin-special-editor",
    "version": "1.0.0",
    "lockfileVersion": 2,
    "requires": true,
    "packages": {
        "": {
            "name": "@ucd-lib/plugin-special-editor",
            "version": "1.0.0",
            "license": "ISC",
            "dependencies": {
                "@lit-labs/react": "^1.0.5",
                "@lit-labs/task": "^1.1.2",
                "@ucd-lib/brand-theme-editor": "file:../../../../ucdlib-theme-wp/src/editor",
                "@ucd-lib/theme-sass": "^5.0.14",
                "classnames": "^2.3.1",
                "lit": "^2.2.6"
            }
        },
        "../../../../ucdlib-theme-wp/src/editor": {
            "name": "@ucd-lib/brand-theme-editor",
            "version": "1.0.0",
            "license": "ISC",
            "dependencies": {
                "@ucd-lib/theme-elements": "^1.1.3",
                "@ucd-lib/theme-sass": "^5.0.14",
                "@wordpress/icons": "^9.8.0",
                "classnames": "^2.3.2",
                "htm": "^3.1.0",
                "lodash": "^4.17.21",
                "slick-carousel": "^1.8.1"
            }
        },
        "../../../../ucdlib-theme-wp/src/editor/node_modules/@babel/runtime": {
            "version": "7.18.3",
            "license": "MIT",
            "dependencies": {
                "regenerator-runtime": "^0.13.4"
            },
            "engines": {
                "node": ">=6.9.0"
            }
        },
        "../../../../ucdlib-theme-wp/src/editor/node_modules/@lit/reactive-element": {
            "version": "1.3.2",
            "license": "BSD-3-Clause"
        },
        "../../../../ucdlib-theme-wp/src/editor/node_modules/@types/prop-types": {
            "version": "15.7.5",
            "license": "MIT"
        },
        "../../../../ucdlib-theme-wp/src/editor/node_modules/@types/react": {
            "version": "17.0.47",
            "license": "MIT",
            "dependencies": {
                "@types/prop-types": "*",
                "@types/scheduler": "*",
                "csstype": "^3.0.2"
            }
        },
        "../../../../ucdlib-theme-wp/src/editor/node_modules/@types/react-dom": {
            "version": "17.0.17",
            "license": "MIT",
            "dependencies": {
                "@types/react": "^17"
            }
        },
        "../../../../ucdlib-theme-wp/src/editor/node_modules/@types/scheduler": {
            "version": "0.16.2",
            "license": "MIT"
        },
        "../../../../ucdlib-theme-wp/src/editor/node_modules/@types/trusted-types": {
            "version": "2.0.2",
            "license": "MIT"
        },
        "../../../../ucdlib-theme-wp/src/editor/node_modules/@ucd-lib/theme-elements": {
            "version": "0.0.15",
            "license": "MIT",
            "dependencies": {
                "@ucd-lib/theme-sass": "^5.0.15",
                "lit": "^2.0.2",
                "photoswipe": "^4.1.3",
                "slim-select": "^1.26.2"
            }
        },
        "../../../../ucdlib-theme-wp/src/editor/node_modules/@ucd-lib/theme-sass": {
            "version": "5.0.16",
            "license": "MIT",
            "dependencies": {
                "lit": "^2.0.0-rc.2"
            }
        },
        "../../../../ucdlib-theme-wp/src/editor/node_modules/@wordpress/element": {
            "version": "4.9.0",
            "license": "GPL-2.0-or-later",
            "dependencies": {
                "@babel/runtime": "^7.16.0",
                "@types/react": "^17.0.37",
                "@types/react-dom": "^17.0.11",
                "@wordpress/escape-html": "^2.11.0",
                "lodash": "^4.17.21",
                "react": "^17.0.2",
                "react-dom": "^17.0.2"
            },
            "engines": {
                "node": ">=12"
            }
        },
        "../../../../ucdlib-theme-wp/src/editor/node_modules/@wordpress/escape-html": {
            "version": "2.11.0",
            "license": "GPL-2.0-or-later",
            "dependencies": {
                "@babel/runtime": "^7.16.0"
            },
            "engines": {
                "node": ">=12"
            }
        },
        "../../../../ucdlib-theme-wp/src/editor/node_modules/@wordpress/icons": {
            "version": "9.2.0",
            "license": "GPL-2.0-or-later",
            "dependencies": {
                "@babel/runtime": "^7.16.0",
                "@wordpress/element": "^4.9.0",
                "@wordpress/primitives": "^3.9.0"
            },
            "engines": {
                "node": ">=12"
            }
        },
        "../../../../ucdlib-theme-wp/src/editor/node_modules/@wordpress/primitives": {
            "version": "3.9.0",
            "license": "GPL-2.0-or-later",
            "dependencies": {
                "@babel/runtime": "^7.16.0",
                "@wordpress/element": "^4.9.0",
                "classnames": "^2.3.1"
            },
            "engines": {
                "node": ">=12"
            }
        },
        "../../../../ucdlib-theme-wp/src/editor/node_modules/classnames": {
            "version": "2.3.1",
            "license": "MIT"
        },
        "../../../../ucdlib-theme-wp/src/editor/node_modules/csstype": {
            "version": "3.1.0",
            "license": "MIT"
        },
        "../../../../ucdlib-theme-wp/src/editor/node_modules/htm": {
            "version": "3.1.1",
            "license": "Apache-2.0"
        },
        "../../../../ucdlib-theme-wp/src/editor/node_modules/jquery": {
            "version": "3.6.0",
            "license": "MIT",
            "peer": true
        },
        "../../../../ucdlib-theme-wp/src/editor/node_modules/js-tokens": {
            "version": "4.0.0",
            "license": "MIT"
        },
        "../../../../ucdlib-theme-wp/src/editor/node_modules/lit": {
            "version": "2.2.6",
            "license": "BSD-3-Clause",
            "dependencies": {
                "@lit/reactive-element": "^1.3.0",
                "lit-element": "^3.2.0",
                "lit-html": "^2.2.0"
            }
        },
        "../../../../ucdlib-theme-wp/src/editor/node_modules/lit-element": {
            "version": "3.2.0",
            "license": "BSD-3-Clause",
            "dependencies": {
                "@lit/reactive-element": "^1.3.0",
                "lit-html": "^2.2.0"
            }
        },
        "../../../../ucdlib-theme-wp/src/editor/node_modules/lit-html": {
            "version": "2.2.6",
            "license": "BSD-3-Clause",
            "dependencies": {
                "@types/trusted-types": "^2.0.2"
            }
        },
        "../../../../ucdlib-theme-wp/src/editor/node_modules/lodash": {
            "version": "4.17.21",
            "license": "MIT"
        },
        "../../../../ucdlib-theme-wp/src/editor/node_modules/loose-envify": {
            "version": "1.4.0",
            "license": "MIT",
            "dependencies": {
                "js-tokens": "^3.0.0 || ^4.0.0"
            },
            "bin": {
                "loose-envify": "cli.js"
            }
        },
        "../../../../ucdlib-theme-wp/src/editor/node_modules/object-assign": {
            "version": "4.1.1",
            "license": "MIT",
            "engines": {
                "node": ">=0.10.0"
            }
        },
        "../../../../ucdlib-theme-wp/src/editor/node_modules/photoswipe": {
            "version": "4.1.3",
            "license": "MIT",
            "engines": {
                "node": ">= 0.8.0"
            }
        },
        "../../../../ucdlib-theme-wp/src/editor/node_modules/react": {
            "version": "17.0.2",
            "license": "MIT",
            "dependencies": {
                "loose-envify": "^1.1.0",
                "object-assign": "^4.1.1"
            },
            "engines": {
                "node": ">=0.10.0"
            }
        },
        "../../../../ucdlib-theme-wp/src/editor/node_modules/react-dom": {
            "version": "17.0.2",
            "license": "MIT",
            "dependencies": {
                "loose-envify": "^1.1.0",
                "object-assign": "^4.1.1",
                "scheduler": "^0.20.2"
            },
            "peerDependencies": {
                "react": "17.0.2"
            }
        },
        "../../../../ucdlib-theme-wp/src/editor/node_modules/regenerator-runtime": {
            "version": "0.13.9",
            "license": "MIT"
        },
        "../../../../ucdlib-theme-wp/src/editor/node_modules/scheduler": {
            "version": "0.20.2",
            "license": "MIT",
            "dependencies": {
                "loose-envify": "^1.1.0",
                "object-assign": "^4.1.1"
            }
        },
        "../../../../ucdlib-theme-wp/src/editor/node_modules/slick-carousel": {
            "version": "1.8.1",
            "license": "MIT",
            "peerDependencies": {
                "jquery": ">=1.8.0"
            }
        },
        "../../../../ucdlib-theme-wp/src/editor/node_modules/slim-select": {
            "version": "1.27.1",
            "license": "MIT",
            "engines": {
                "node": ">=8"
            }
        },
        "node_modules/@lit-labs/react": {
            "version": "1.0.6",
            "resolved": "https://registry.npmjs.org/@lit-labs/react/-/react-1.0.6.tgz",
            "integrity": "sha512-uDtfJv5XunmsydTNRST+MU8U6QyETCw8BKoeMw2Q4Te1r5paAD9sVJfxESP7Dbk0G4tqCRS0BsyNmYJSGCrJyQ=="
        },
        "node_modules/@lit-labs/task": {
            "version": "1.1.2",
            "resolved": "https://registry.npmjs.org/@lit-labs/task/-/task-1.1.2.tgz",
            "integrity": "sha512-wR6FpzaAwRMcMx/kfH0qmmOVv78gEzz4sXGYt2QBW4EkL6sAd0rC3VgwxnIAa4sWIk4z78k+gJxt6g8uPnaHKQ==",
            "dependencies": {
                "@lit/reactive-element": "^1.1.0"
            }
        },
        "node_modules/@lit/reactive-element": {
            "version": "1.3.3",
            "resolved": "https://registry.npmjs.org/@lit/reactive-element/-/reactive-element-1.3.3.tgz",
            "integrity": "sha512-ukelZ49tzUqgOAEbVujl/U62JNK3wdn5kKtXVqrjKND4QvHACZOMOYaZI6/5Jd8vsg+Fq9HDwiib70FBLydOiQ=="
        },
        "node_modules/@types/trusted-types": {
            "version": "2.0.2",
            "resolved": "https://registry.npmjs.org/@types/trusted-types/-/trusted-types-2.0.2.tgz",
            "integrity": "sha512-F5DIZ36YVLE+PN+Zwws4kJogq47hNgX3Nx6WyDJ3kcplxyke3XIzB8uK5n/Lpm1HBsbGzd6nmGehL8cPekP+Tg=="
        },
        "node_modules/@ucd-lib/brand-theme-editor": {
            "resolved": "../../../../ucdlib-theme-wp/src/editor",
            "link": true
        },
        "node_modules/@ucd-lib/theme-sass": {
            "version": "5.0.16",
            "resolved": "https://registry.npmjs.org/@ucd-lib/theme-sass/-/theme-sass-5.0.16.tgz",
            "integrity": "sha512-Zu5lunrYIecNqmFP9IWlM8xuLpt0/3TzMHQpGlx515SGQn3WuFsuzzj9B+Q307W35mbfRVVtXnuUKM7wkNJjjw==",
            "dependencies": {
                "lit": "^2.0.0-rc.2"
            }
        },
        "node_modules/classnames": {
            "version": "2.3.1",
            "resolved": "https://registry.npmjs.org/classnames/-/classnames-2.3.1.tgz",
            "integrity": "sha512-OlQdbZ7gLfGarSqxesMesDa5uz7KFbID8Kpq/SxIoNGDqY8lSYs0D+hhtBXhcdB3rcbXArFr7vlHheLk1voeNA=="
        },
        "node_modules/lit": {
            "version": "2.2.7",
            "resolved": "https://registry.npmjs.org/lit/-/lit-2.2.7.tgz",
            "integrity": "sha512-WXYujlKFwme5ZqXOZoWuRVZQAwy7scbcVT3wCbAOHefOxyscqjywWGlF2e6nnC9E64yP9l2ZQlN8wZcRlrjUMQ==",
            "dependencies": {
                "@lit/reactive-element": "^1.3.0",
                "lit-element": "^3.2.0",
                "lit-html": "^2.2.0"
            }
        },
        "node_modules/lit-element": {
            "version": "3.2.1",
            "resolved": "https://registry.npmjs.org/lit-element/-/lit-element-3.2.1.tgz",
            "integrity": "sha512-2PxyE9Yq9Jyo/YBK2anycaHcqo93YvB5D+24JxloPVqryW/BOXekne+jGsm0Ke3E5E2v7CDgkmpEmCAzYfrHCQ==",
            "dependencies": {
                "@lit/reactive-element": "^1.3.0",
                "lit-html": "^2.2.0"
            }
        },
        "node_modules/lit-html": {
            "version": "2.2.6",
            "resolved": "https://registry.npmjs.org/lit-html/-/lit-html-2.2.6.tgz",
            "integrity": "sha512-xOKsPmq/RAKJ6dUeOxhmOYFjcjf0Q7aSdfBJgdJkOfCUnkmmJPxNrlZpRBeVe1Gg50oYWMlgm6ccAE/SpJgSdw==",
            "dependencies": {
                "@types/trusted-types": "^2.0.2"
            }
        }
    },
    "dependencies": {
        "@lit-labs/react": {
            "version": "1.0.6",
            "resolved": "https://registry.npmjs.org/@lit-labs/react/-/react-1.0.6.tgz",
            "integrity": "sha512-uDtfJv5XunmsydTNRST+MU8U6QyETCw8BKoeMw2Q4Te1r5paAD9sVJfxESP7Dbk0G4tqCRS0BsyNmYJSGCrJyQ=="
        },
        "@lit-labs/task": {
            "version": "1.1.2",
            "resolved": "https://registry.npmjs.org/@lit-labs/task/-/task-1.1.2.tgz",
            "integrity": "sha512-wR6FpzaAwRMcMx/kfH0qmmOVv78gEzz4sXGYt2QBW4EkL6sAd0rC3VgwxnIAa4sWIk4z78k+gJxt6g8uPnaHKQ==",
            "requires": {
                "@lit/reactive-element": "^1.1.0"
            }
        },
        "@lit/reactive-element": {
            "version": "1.3.3",
            "resolved": "https://registry.npmjs.org/@lit/reactive-element/-/reactive-element-1.3.3.tgz",
            "integrity": "sha512-ukelZ49tzUqgOAEbVujl/U62JNK3wdn5kKtXVqrjKND4QvHACZOMOYaZI6/5Jd8vsg+Fq9HDwiib70FBLydOiQ=="
        },
        "@types/trusted-types": {
            "version": "2.0.2",
            "resolved": "https://registry.npmjs.org/@types/trusted-types/-/trusted-types-2.0.2.tgz",
            "integrity": "sha512-F5DIZ36YVLE+PN+Zwws4kJogq47hNgX3Nx6WyDJ3kcplxyke3XIzB8uK5n/Lpm1HBsbGzd6nmGehL8cPekP+Tg=="
        },
        "@ucd-lib/brand-theme-editor": {
            "version": "file:../../../../ucdlib-theme-wp/src/editor",
            "requires": {
                "@ucd-lib/theme-elements": "^1.1.3",
                "@ucd-lib/theme-sass": "^5.0.14",
                "@wordpress/icons": "^9.8.0",
                "classnames": "^2.3.2",
                "htm": "^3.1.0",
                "lodash": "^4.17.21",
                "slick-carousel": "^1.8.1"
            },
            "dependencies": {
                "@babel/runtime": {
                    "version": "7.18.3",
                    "requires": {
                        "regenerator-runtime": "^0.13.4"
                    }
                },
                "@lit/reactive-element": {
                    "version": "1.3.2"
                },
                "@types/prop-types": {
                    "version": "15.7.5"
                },
                "@types/react": {
                    "version": "17.0.47",
                    "requires": {
                        "@types/prop-types": "*",
                        "@types/scheduler": "*",
                        "csstype": "^3.0.2"
                    }
                },
                "@types/react-dom": {
                    "version": "17.0.17",
                    "requires": {
                        "@types/react": "^17"
                    }
                },
                "@types/scheduler": {
                    "version": "0.16.2"
                },
                "@types/trusted-types": {
                    "version": "2.0.2"
                },
                "@ucd-lib/theme-elements": {
                    "version": "0.0.15",
                    "requires": {
                        "@ucd-lib/theme-sass": "^5.0.15",
                        "lit": "^2.0.2",
                        "photoswipe": "^4.1.3",
                        "slim-select": "^1.26.2"
                    }
                },
                "@ucd-lib/theme-sass": {
                    "version": "5.0.16",
                    "requires": {
                        "lit": "^2.0.0-rc.2"
                    }
                },
                "@wordpress/element": {
                    "version": "4.9.0",
                    "requires": {
                        "@babel/runtime": "^7.16.0",
                        "@types/react": "^17.0.37",
                        "@types/react-dom": "^17.0.11",
                        "@wordpress/escape-html": "^2.11.0",
                        "lodash": "^4.17.21",
                        "react": "^17.0.2",
                        "react-dom": "^17.0.2"
                    }
                },
                "@wordpress/escape-html": {
                    "version": "2.11.0",
                    "requires": {
                        "@babel/runtime": "^7.16.0"
                    }
                },
                "@wordpress/icons": {
                    "version": "9.2.0",
                    "requires": {
                        "@babel/runtime": "^7.16.0",
                        "@wordpress/element": "^4.9.0",
                        "@wordpress/primitives": "^3.9.0"
                    }
                },
                "@wordpress/primitives": {
                    "version": "3.9.0",
                    "requires": {
                        "@babel/runtime": "^7.16.0",
                        "@wordpress/element": "^4.9.0",
                        "classnames": "^2.3.1"
                    }
                },
                "classnames": {
                    "version": "2.3.1"
                },
                "csstype": {
                    "version": "3.1.0"
                },
                "htm": {
                    "version": "3.1.1"
                },
                "jquery": {
                    "version": "3.6.0",
                    "peer": true
                },
                "js-tokens": {
                    "version": "4.0.0"
                },
                "lit": {
                    "version": "2.2.6",
                    "requires": {
                        "@lit/reactive-element": "^1.3.0",
                        "lit-element": "^3.2.0",
                        "lit-html": "^2.2.0"
                    }
                },
                "lit-element": {
                    "version": "3.2.0",
                    "requires": {
                        "@lit/reactive-element": "^1.3.0",
                        "lit-html": "^2.2.0"
                    }
                },
                "lit-html": {
                    "version": "2.2.6",
                    "requires": {
                        "@types/trusted-types": "^2.0.2"
                    }
                },
                "lodash": {
                    "version": "4.17.21"
                },
                "loose-envify": {
                    "version": "1.4.0",
                    "requires": {
                        "js-tokens": "^3.0.0 || ^4.0.0"
                    }
                },
                "object-assign": {
                    "version": "4.1.1"
                },
                "photoswipe": {
                    "version": "4.1.3"
                },
                "react": {
                    "version": "17.0.2",
                    "requires": {
                        "loose-envify": "^1.1.0",
                        "object-assign": "^4.1.1"
                    }
                },
                "react-dom": {
                    "version": "17.0.2",
                    "requires": {
                        "loose-envify": "^1.1.0",
                        "object-assign": "^4.1.1",
                        "scheduler": "^0.20.2"
                    }
                },
                "regenerator-runtime": {
                    "version": "0.13.9"
                },
                "scheduler": {
                    "version": "0.20.2",
                    "requires": {
                        "loose-envify": "^1.1.0",
                        "object-assign": "^4.1.1"
                    }
                },
                "slick-carousel": {
                    "version": "1.8.1",
                    "requires": {}
                },
                "slim-select": {
                    "version": "1.27.1"
                }
            }
        },
        "@ucd-lib/theme-sass": {
            "version": "5.0.16",
            "resolved": "https://registry.npmjs.org/@ucd-lib/theme-sass/-/theme-sass-5.0.16.tgz",
            "integrity": "sha512-Zu5lunrYIecNqmFP9IWlM8xuLpt0/3TzMHQpGlx515SGQn3WuFsuzzj9B+Q307W35mbfRVVtXnuUKM7wkNJjjw==",
            "requires": {
                "lit": "^2.0.0-rc.2"
            }
        },
        "classnames": {
            "version": "2.3.1",
            "resolved": "https://registry.npmjs.org/classnames/-/classnames-2.3.1.tgz",
            "integrity": "sha512-OlQdbZ7gLfGarSqxesMesDa5uz7KFbID8Kpq/SxIoNGDqY8lSYs0D+hhtBXhcdB3rcbXArFr7vlHheLk1voeNA=="
        },
        "lit": {
            "version": "2.2.7",
            "resolved": "https://registry.npmjs.org/lit/-/lit-2.2.7.tgz",
            "integrity": "sha512-WXYujlKFwme5ZqXOZoWuRVZQAwy7scbcVT3wCbAOHefOxyscqjywWGlF2e6nnC9E64yP9l2ZQlN8wZcRlrjUMQ==",
            "requires": {
                "@lit/reactive-element": "^1.3.0",
                "lit-element": "^3.2.0",
                "lit-html": "^2.2.0"
            }
        },
        "lit-element": {
            "version": "3.2.1",
            "resolved": "https://registry.npmjs.org/lit-element/-/lit-element-3.2.1.tgz",
            "integrity": "sha512-2PxyE9Yq9Jyo/YBK2anycaHcqo93YvB5D+24JxloPVqryW/BOXekne+jGsm0Ke3E5E2v7CDgkmpEmCAzYfrHCQ==",
            "requires": {
                "@lit/reactive-element": "^1.3.0",
                "lit-html": "^2.2.0"
            }
        },
        "lit-html": {
            "version": "2.2.6",
            "resolved": "https://registry.npmjs.org/lit-html/-/lit-html-2.2.6.tgz",
            "integrity": "sha512-xOKsPmq/RAKJ6dUeOxhmOYFjcjf0Q7aSdfBJgdJkOfCUnkmmJPxNrlZpRBeVe1Gg50oYWMlgm6ccAE/SpJgSdw==",
            "requires": {
                "@types/trusted-types": "^2.0.2"
            }
        }
    }
}
