{
  "name": "@ucd-lib/plugin-locations-public",
  "version": "1.0.0",
  "lockfileVersion": 2,
  "requires": true,
  "packages": {
    "": {
      "name": "@ucd-lib/plugin-locations-public",
      "version": "1.0.0",
      "license": "ISC",
      "dependencies": {
        "@lit-labs/task": "^1.1.1",
        "@ucd-lib/theme-elements": "^0.0.9",
        "@ucd-lib/theme-sass": "^5.0.16"
      }
    },
    "node_modules/@lit-labs/task": {
      "version": "1.1.1",
      "resolved": "https://registry.npmjs.org/@lit-labs/task/-/task-1.1.1.tgz",
      "integrity": "sha512-ihsNEAdqxsiHiMq+R6y65i8wr3ApWr7k3TN7QVzmVHg2j6a2fcP2RSDD6EckqfFWaudP0dZWftogmmBVvRhA6A==",
      "dependencies": {
        "@lit/reactive-element": "^1.1.0"
      }
    },
    "node_modules/@lit/reactive-element": {
      "version": "1.2.2",
      "resolved": "https://registry.npmjs.org/@lit/reactive-element/-/reactive-element-1.2.2.tgz",
      "integrity": "sha512-HkhTTO2rT8jlf4izz7ME/+YUjqz+ZHgmnOKorA+7tkDmQDg6QzDpWSFz//1YyiL193W4bc7rlQCiYyFiZa9pkQ=="
    },
    "node_modules/@types/trusted-types": {
      "version": "2.0.2",
      "resolved": "https://registry.npmjs.org/@types/trusted-types/-/trusted-types-2.0.2.tgz",
      "integrity": "sha512-F5DIZ36YVLE+PN+Zwws4kJogq47hNgX3Nx6WyDJ3kcplxyke3XIzB8uK5n/Lpm1HBsbGzd6nmGehL8cPekP+Tg=="
    },
    "node_modules/@ucd-lib/theme-elements": {
      "version": "0.0.9",
      "resolved": "https://registry.npmjs.org/@ucd-lib/theme-elements/-/theme-elements-0.0.9.tgz",
      "integrity": "sha512-6QPdk9Sl9O8CmchrL/CZ23lj+CRFUfbyEVl9zVibJi1budjRI0LpkjoMjyjhPQO96LxT+01yAFnRV4ljzKSecw==",
      "dependencies": {
        "@ucd-lib/theme-sass": "^5.0.15",
        "lit": "^2.0.2",
        "photoswipe": "^4.1.3",
        "slim-select": "^1.26.2"
      }
    },
    "node_modules/@ucd-lib/theme-sass": {
      "version": "5.0.16",
      "resolved": "https://registry.npmjs.org/@ucd-lib/theme-sass/-/theme-sass-5.0.16.tgz",
      "integrity": "sha512-Zu5lunrYIecNqmFP9IWlM8xuLpt0/3TzMHQpGlx515SGQn3WuFsuzzj9B+Q307W35mbfRVVtXnuUKM7wkNJjjw==",
      "dependencies": {
        "lit": "^2.0.0-rc.2"
      }
    },
    "node_modules/lit": {
      "version": "2.1.3",
      "resolved": "https://registry.npmjs.org/lit/-/lit-2.1.3.tgz",
      "integrity": "sha512-46KtKy7iDoY3wZ5VSqBlXll6J/tli5gRMPFRWi5qQ01lvIqcO+dYQwb1l1NYZjbzcHnGnCKrMb8nDv7/ZE4Y4g==",
      "dependencies": {
        "@lit/reactive-element": "^1.1.0",
        "lit-element": "^3.1.0",
        "lit-html": "^2.1.0"
      }
    },
    "node_modules/lit-element": {
      "version": "3.1.2",
      "resolved": "https://registry.npmjs.org/lit-element/-/lit-element-3.1.2.tgz",
      "integrity": "sha512-5VLn5a7anAFH7oz6d7TRG3KiTZQ5GEFsAgOKB8Yc+HDyuDUGOT2cL1CYTz/U4b/xlJxO+euP14pyji+z3Z3kOg==",
      "dependencies": {
        "@lit/reactive-element": "^1.1.0",
        "lit-html": "^2.1.0"
      }
    },
    "node_modules/lit-html": {
      "version": "2.1.3",
      "resolved": "https://registry.npmjs.org/lit-html/-/lit-html-2.1.3.tgz",
      "integrity": "sha512-WgvdwiNeuoT0mYEEJI+AAV2DEtlqzVM4lyDSaeQSg5ZwhS/CkGJBO/4n66alApEuSS9WXw9+ADBp8SPvtDEKSg==",
      "dependencies": {
        "@types/trusted-types": "^2.0.2"
      }
    },
    "node_modules/photoswipe": {
      "version": "4.1.3",
      "resolved": "https://registry.npmjs.org/photoswipe/-/photoswipe-4.1.3.tgz",
      "integrity": "sha512-89Z43IRUyw7ycTolo+AaiDn3W1EEIfox54hERmm9bI12IB9cvRfHSHez3XhAyU8XW2EAFrC+2sKMhh7SJwn0bA==",
      "engines": {
        "node": ">= 0.8.0"
      }
    },
    "node_modules/slim-select": {
      "version": "1.27.1",
      "resolved": "https://registry.npmjs.org/slim-select/-/slim-select-1.27.1.tgz",
      "integrity": "sha512-LvJ02cKKk6/jSHIcQv7dZwkQSXHLCVQR3v3lo8RJUssUUcmKPkpBmTpQ8au8KSMkxwca9+yeg+dO0iHAaVr5Aw==",
      "engines": {
        "node": ">=8"
      }
    }
  },
  "dependencies": {
    "@lit-labs/task": {
      "version": "1.1.1",
      "resolved": "https://registry.npmjs.org/@lit-labs/task/-/task-1.1.1.tgz",
      "integrity": "sha512-ihsNEAdqxsiHiMq+R6y65i8wr3ApWr7k3TN7QVzmVHg2j6a2fcP2RSDD6EckqfFWaudP0dZWftogmmBVvRhA6A==",
      "requires": {
        "@lit/reactive-element": "^1.1.0"
      }
    },
    "@lit/reactive-element": {
      "version": "1.2.2",
      "resolved": "https://registry.npmjs.org/@lit/reactive-element/-/reactive-element-1.2.2.tgz",
      "integrity": "sha512-HkhTTO2rT8jlf4izz7ME/+YUjqz+ZHgmnOKorA+7tkDmQDg6QzDpWSFz//1YyiL193W4bc7rlQCiYyFiZa9pkQ=="
    },
    "@types/trusted-types": {
      "version": "2.0.2",
      "resolved": "https://registry.npmjs.org/@types/trusted-types/-/trusted-types-2.0.2.tgz",
      "integrity": "sha512-F5DIZ36YVLE+PN+Zwws4kJogq47hNgX3Nx6WyDJ3kcplxyke3XIzB8uK5n/Lpm1HBsbGzd6nmGehL8cPekP+Tg=="
    },
    "@ucd-lib/theme-elements": {
      "version": "0.0.9",
      "resolved": "https://registry.npmjs.org/@ucd-lib/theme-elements/-/theme-elements-0.0.9.tgz",
      "integrity": "sha512-6QPdk9Sl9O8CmchrL/CZ23lj+CRFUfbyEVl9zVibJi1budjRI0LpkjoMjyjhPQO96LxT+01yAFnRV4ljzKSecw==",
      "requires": {
        "@ucd-lib/theme-sass": "^5.0.15",
        "lit": "^2.0.2",
        "photoswipe": "^4.1.3",
        "slim-select": "^1.26.2"
      }
    },
    "@ucd-lib/theme-sass": {
      "version": "5.0.16",
      "resolved": "https://registry.npmjs.org/@ucd-lib/theme-sass/-/theme-sass-5.0.16.tgz",
      "integrity": "sha512-Zu5lunrYIecNqmFP9IWlM8xuLpt0/3TzMHQpGlx515SGQn3WuFsuzzj9B+Q307W35mbfRVVtXnuUKM7wkNJjjw==",
      "requires": {
        "lit": "^2.0.0-rc.2"
      }
    },
    "lit": {
      "version": "2.1.3",
      "resolved": "https://registry.npmjs.org/lit/-/lit-2.1.3.tgz",
      "integrity": "sha512-46KtKy7iDoY3wZ5VSqBlXll6J/tli5gRMPFRWi5qQ01lvIqcO+dYQwb1l1NYZjbzcHnGnCKrMb8nDv7/ZE4Y4g==",
      "requires": {
        "@lit/reactive-element": "^1.1.0",
        "lit-element": "^3.1.0",
        "lit-html": "^2.1.0"
      }
    },
    "lit-element": {
      "version": "3.1.2",
      "resolved": "https://registry.npmjs.org/lit-element/-/lit-element-3.1.2.tgz",
      "integrity": "sha512-5VLn5a7anAFH7oz6d7TRG3KiTZQ5GEFsAgOKB8Yc+HDyuDUGOT2cL1CYTz/U4b/xlJxO+euP14pyji+z3Z3kOg==",
      "requires": {
        "@lit/reactive-element": "^1.1.0",
        "lit-html": "^2.1.0"
      }
    },
    "lit-html": {
      "version": "2.1.3",
      "resolved": "https://registry.npmjs.org/lit-html/-/lit-html-2.1.3.tgz",
      "integrity": "sha512-WgvdwiNeuoT0mYEEJI+AAV2DEtlqzVM4lyDSaeQSg5ZwhS/CkGJBO/4n66alApEuSS9WXw9+ADBp8SPvtDEKSg==",
      "requires": {
        "@types/trusted-types": "^2.0.2"
      }
    },
    "photoswipe": {
      "version": "4.1.3",
      "resolved": "https://registry.npmjs.org/photoswipe/-/photoswipe-4.1.3.tgz",
      "integrity": "sha512-89Z43IRUyw7ycTolo+AaiDn3W1EEIfox54hERmm9bI12IB9cvRfHSHez3XhAyU8XW2EAFrC+2sKMhh7SJwn0bA=="
    },
    "slim-select": {
      "version": "1.27.1",
      "resolved": "https://registry.npmjs.org/slim-select/-/slim-select-1.27.1.tgz",
      "integrity": "sha512-LvJ02cKKk6/jSHIcQv7dZwkQSXHLCVQR3v3lo8RJUssUUcmKPkpBmTpQ8au8KSMkxwca9+yeg+dO0iHAaVr5Aw=="
    }
  }
}
